Microsoft Visual Studio Solution File, Format Version 11.00
# Visual Studio 2008

Project("{F0E07ADB-8A11-8E10-A392-36B497EDCCBE}") = "AmazeBalls", "Assembly-CSharp.csproj", "{28023A6B-334C-EEDB-C937-E6CCCBD89C31}"
EndProject
Global
	GlobalSection(SolutionConfigurationPlatforms) = preSolution
		Debug|Any CPU = Debug|Any CPU
		Release|Any CPU = Release|Any CPU
	EndGlobalSection
	GlobalSection(ProjectConfigurationPlatforms) = postSolution
		{28023A6B-334C-EEDB-C937-E6CCCBD89C31}.Debug|Any CPU.ActiveCfg = Debug|Any CPU
		{28023A6B-334C-EEDB-C937-E6CCCBD89C31}.Debug|Any CPU.Build.0 = Debug|Any CPU
		{28023A6B-334C-EEDB-C937-E6CCCBD89C31}.Release|Any CPU.ActiveCfg = Release|Any CPU
		{28023A6B-334C-EEDB-C937-E6CCCBD89C31}.Release|Any CPU.Build.0 = Release|Any CPU
	EndGlobalSection
	GlobalSection(SolutionProperties) = preSolution
		HideSolutionNode = FALSE
	EndGlobalSection
	GlobalSection(MonoDevelopProperties) = preSolution
		StartupItem = Assembly-CSharp.csproj
	EndGlobalSection
EndGlobal
